
Microsoft Visual Studio Solution File, Format Version 12.00
# Visual Studio Version 17
VisualStudioVersion = 17.12.35707.178
MinimumVisualStudioVersion = 10.0.40219.1
Project("{FAE04EC0-301F-11D3-BF4B-00C04F79EFBC}") = "WebApplication1", "WebApplication1\WebApplication1.csproj", "{31543D82-21ED-4220-A9C2-01416DDD87C9}"
EndProject
Project("{FAE04EC0-301F-11D3-BF4B-00C04F79EFBC}") = "HelloWorldMVC", "HelloWorldMVC\HelloWorldMVC.csproj", "{79E51E1B-D94E-43A0-A9B3-381408A70F54}"
EndProject
Project("{FAE04EC0-301F-11D3-BF4B-00C04F79EFBC}") = "ADOLib", "ADOLib\ADOLib.csproj", "{16BF68BD-53A8-4578-9134-66A0381423FF}"
EndProject
Project("{FAE04EC0-301F-11D3-BF4B-00C04F79EFBC}") = "ADODemoMVC", "ADODemoMVC\ADODemoMVC.csproj", "{0ED54793-A587-4AC5-B321-9F4256F08069}"
EndProject
Project("{FAE04EC0-301F-11D3-BF4B-00C04F79EFBC}") = "WebAPIPrj", "WebAPIPrj\WebAPIPrj.csproj", "{AE46AEFB-17A0-4A39-91EF-F8CD1E46D222}"
EndProject
Project("{FAE04EC0-301F-11D3-BF4B-00C04F79EFBC}") = "TestProject1API", "TestProject1API\TestProject1API.csproj", "{D0C4FFE1-5055-4406-BC46-3F415EB5AD21}"
EndProject
Project("{FAE04EC0-301F-11D3-BF4B-00C04F79EFBC}") = "EFDatabaseFirstApproachDemo", "EFDatabaseFirstApproachDemo\EFDatabaseFirstApproachDemo.csproj", "{34856894-2417-4E7D-BA12-07C6BF2941E8}"
EndProject
Project("{FAE04EC0-301F-11D3-BF4B-00C04F79EFBC}") = "CodeFirstEFCoreDemo", "CodeFirstEFCoreDemo\CodeFirstEFCoreDemo.csproj", "{2B789A2C-34CE-4CAB-9F48-73B490C4D41F}"
EndProject
Global
	GlobalSection(SolutionConfigurationPlatforms) = preSolution
		Debug|Any CPU = Debug|Any CPU
		Release|Any CPU = Release|Any CPU
	EndGlobalSection
	GlobalSection(ProjectConfigurationPlatforms) = postSolution
		{31543D82-21ED-4220-A9C2-01416DDD87C9}.Debug|Any CPU.ActiveCfg = Debug|Any CPU
		{31543D82-21ED-4220-A9C2-01416DDD87C9}.Debug|Any CPU.Build.0 = Debug|Any CPU
		{31543D82-21ED-4220-A9C2-01416DDD87C9}.Release|Any CPU.ActiveCfg = Release|Any CPU
		{31543D82-21ED-4220-A9C2-01416DDD87C9}.Release|Any CPU.Build.0 = Release|Any CPU
		{79E51E1B-D94E-43A0-A9B3-381408A70F54}.Debug|Any CPU.ActiveCfg = Debug|Any CPU
		{79E51E1B-D94E-43A0-A9B3-381408A70F54}.Debug|Any CPU.Build.0 = Debug|Any CPU
		{79E51E1B-D94E-43A0-A9B3-381408A70F54}.Release|Any CPU.ActiveCfg = Release|Any CPU
		{79E51E1B-D94E-43A0-A9B3-381408A70F54}.Release|Any CPU.Build.0 = Release|Any CPU
		{16BF68BD-53A8-4578-9134-66A0381423FF}.Debug|Any CPU.ActiveCfg = Debug|Any CPU
		{16BF68BD-53A8-4578-9134-66A0381423FF}.Debug|Any CPU.Build.0 = Debug|Any CPU
		{16BF68BD-53A8-4578-9134-66A0381423FF}.Release|Any CPU.ActiveCfg = Release|Any CPU
		{16BF68BD-53A8-4578-9134-66A0381423FF}.Release|Any CPU.Build.0 = Release|Any CPU
		{0ED54793-A587-4AC5-B321-9F4256F08069}.Debug|Any CPU.ActiveCfg = Debug|Any CPU
		{0ED54793-A587-4AC5-B321-9F4256F08069}.Debug|Any CPU.Build.0 = Debug|Any CPU
		{0ED54793-A587-4AC5-B321-9F4256F08069}.Release|Any CPU.ActiveCfg = Release|Any CPU
		{0ED54793-A587-4AC5-B321-9F4256F08069}.Release|Any CPU.Build.0 = Release|Any CPU
		{AE46AEFB-17A0-4A39-91EF-F8CD1E46D222}.Debug|Any CPU.ActiveCfg = Debug|Any CPU
		{AE46AEFB-17A0-4A39-91EF-F8CD1E46D222}.Debug|Any CPU.Build.0 = Debug|Any CPU
		{AE46AEFB-17A0-4A39-91EF-F8CD1E46D222}.Release|Any CPU.ActiveCfg = Release|Any CPU
		{AE46AEFB-17A0-4A39-91EF-F8CD1E46D222}.Release|Any CPU.Build.0 = Release|Any CPU
		{D0C4FFE1-5055-4406-BC46-3F415EB5AD21}.Debug|Any CPU.ActiveCfg = Debug|Any CPU
		{D0C4FFE1-5055-4406-BC46-3F415EB5AD21}.Debug|Any CPU.Build.0 = Debug|Any CPU
		{D0C4FFE1-5055-4406-BC46-3F415EB5AD21}.Release|Any CPU.ActiveCfg = Release|Any CPU
		{D0C4FFE1-5055-4406-BC46-3F415EB5AD21}.Release|Any CPU.Build.0 = Release|Any CPU
		{34856894-2417-4E7D-BA12-07C6BF2941E8}.Debug|Any CPU.ActiveCfg = Debug|Any CPU
		{34856894-2417-4E7D-BA12-07C6BF2941E8}.Debug|Any CPU.Build.0 = Debug|Any CPU
		{34856894-2417-4E7D-BA12-07C6BF2941E8}.Release|Any CPU.ActiveCfg = Release|Any CPU
		{34856894-2417-4E7D-BA12-07C6BF2941E8}.Release|Any CPU.Build.0 = Release|Any CPU
		{2B789A2C-34CE-4CAB-9F48-73B490C4D41F}.Debug|Any CPU.ActiveCfg = Debug|Any CPU
		{2B789A2C-34CE-4CAB-9F48-73B490C4D41F}.Debug|Any CPU.Build.0 = Debug|Any CPU
		{2B789A2C-34CE-4CAB-9F48-73B490C4D41F}.Release|Any CPU.ActiveCfg = Release|Any CPU
		{2B789A2C-34CE-4CAB-9F48-73B490C4D41F}.Release|Any CPU.Build.0 = Release|Any CPU
	EndGlobalSection
	GlobalSection(SolutionProperties) = preSolution
		HideSolutionNode = FALSE
	EndGlobalSection
	GlobalSection(ExtensibilityGlobals) = postSolution
		SolutionGuid = {60E5D1EF-5128-4C3E-ADC5-4D416A707000}
	EndGlobalSection
EndGlobal
